
Microsoft Visual Studio Solution File, Format Version 12.00
# Visual Studio 15
VisualStudioVersion = 15.0.28307.489
MinimumVisualStudioVersion = 10.0.40219.1
Project("{FAE04EC0-301F-11D3-BF4B-00C04F79EFBC}") = "RocketNetwork", "RocketNetwork\RocketNetwork.csproj", "{32454E4A-4F2A-47B4-A8E3-0C35D6D933D4}"
EndProject
Project("{FAE04EC0-301F-11D3-BF4B-00C04F79EFBC}") = "RNAU", "RNAU\RNAU.csproj", "{2D7CEA7A-DB65-41F4-816E-F078772FB77B}"
EndProject
Global
	GlobalSection(SolutionConfigurationPlatforms) = preSolution
		Debug|Any CPU = Debug|Any CPU
		Release|Any CPU = Release|Any CPU
	EndGlobalSection
	GlobalSection(ProjectConfigurationPlatforms) = postSolution
		{32454E4A-4F2A-47B4-A8E3-0C35D6D933D4}.Debug|Any CPU.ActiveCfg = Debug|Any CPU
		{32454E4A-4F2A-47B4-A8E3-0C35D6D933D4}.Debug|Any CPU.Build.0 = Debug|Any CPU
		{32454E4A-4F2A-47B4-A8E3-0C35D6D933D4}.Release|Any CPU.ActiveCfg = Release|Any CPU
		{32454E4A-4F2A-47B4-A8E3-0C35D6D933D4}.Release|Any CPU.Build.0 = Release|Any CPU
		{2D7CEA7A-DB65-41F4-816E-F078772FB77B}.Debug|Any CPU.ActiveCfg = Debug|Any CPU
		{2D7CEA7A-DB65-41F4-816E-F078772FB77B}.Debug|Any CPU.Build.0 = Debug|Any CPU
		{2D7CEA7A-DB65-41F4-816E-F078772FB77B}.Release|Any CPU.ActiveCfg = Release|Any CPU
		{2D7CEA7A-DB65-41F4-816E-F078772FB77B}.Release|Any CPU.Build.0 = Release|Any CPU
	EndGlobalSection
	GlobalSection(SolutionProperties) = preSolution
		HideSolutionNode = FALSE
	EndGlobalSection
	GlobalSection(ExtensibilityGlobals) = postSolution
		SolutionGuid = {E39102BB-AAE8-488D-BB0F-33BD9AEA3D80}
	EndGlobalSection
EndGlobal
